
Microsoft Visual Studio Solution File, Format Version 12.00
# Visual Studio Version 16
VisualStudioVersion = 16.0.31205.134
MinimumVisualStudioVersion = 10.0.40219.1
Project("{FAE04EC0-301F-11D3-BF4B-00C04F79EFBC}") = "EXERCISE  03 - LIST M.06", "EXERCISE  03 - LIST M.06\EXERCISE  03 - LIST M.06.csproj", "{2E6B044F-C08E-462A-8AFC-1C8DDC8B3E9E}"
EndProject
Global
	GlobalSection(SolutionConfigurationPlatforms) = preSolution
		Debug|Any CPU = Debug|Any CPU
		Release|Any CPU = Release|Any CPU
	EndGlobalSection
	GlobalSection(ProjectConfigurationPlatforms) = postSolution
		{2E6B044F-C08E-462A-8AFC-1C8DDC8B3E9E}.Debug|Any CPU.ActiveCfg = Debug|Any CPU
		{2E6B044F-C08E-462A-8AFC-1C8DDC8B3E9E}.Debug|Any CPU.Build.0 = Debug|Any CPU
		{2E6B044F-C08E-462A-8AFC-1C8DDC8B3E9E}.Release|Any CPU.ActiveCfg = Release|Any CPU
		{2E6B044F-C08E-462A-8AFC-1C8DDC8B3E9E}.Release|Any CPU.Build.0 = Release|Any CPU
	EndGlobalSection
	GlobalSection(SolutionProperties) = preSolution
		HideSolutionNode = FALSE
	EndGlobalSection
	GlobalSection(ExtensibilityGlobals) = postSolution
		SolutionGuid = {048442C1-DE8F-49D3-A3C6-908983B72362}
	EndGlobalSection
EndGlobal
